
Microsoft Visual Studio Solution File, Format Version 12.00
# Visual Studio Version 17
VisualStudioVersion = 17.10.35027.167
MinimumVisualStudioVersion = 10.0.40219.1
Project("{FAE04EC0-301F-11D3-BF4B-00C04F79EFBC}") = "CodilityTopInterview150", "CodilityTopInterview150.csproj", "{C11A107D-2415-4FF8-B672-55EF62F30B07}"
EndProject
Global
	GlobalSection(SolutionConfigurationPlatforms) = preSolution
		Debug|Any CPU = Debug|Any CPU
		Release|Any CPU = Release|Any CPU
	EndGlobalSection
	GlobalSection(ProjectConfigurationPlatforms) = postSolution
		{C11A107D-2415-4FF8-B672-55EF62F30B07}.Debug|Any CPU.ActiveCfg = Debug|Any CPU
		{C11A107D-2415-4FF8-B672-55EF62F30B07}.Debug|Any CPU.Build.0 = Debug|Any CPU
		{C11A107D-2415-4FF8-B672-55EF62F30B07}.Release|Any CPU.ActiveCfg = Release|Any CPU
		{C11A107D-2415-4FF8-B672-55EF62F30B07}.Release|Any CPU.Build.0 = Release|Any CPU
	EndGlobalSection
	GlobalSection(SolutionProperties) = preSolution
		HideSolutionNode = FALSE
	EndGlobalSection
	GlobalSection(ExtensibilityGlobals) = postSolution
		SolutionGuid = {3267A46E-084C-4887-8C04-B3FABC683827}
	EndGlobalSection
EndGlobal
